
Microsoft Visual Studio Solution File, Format Version 12.00
# Visual Studio 2013
VisualStudioVersion = 12.0.40629.0
MinimumVisualStudioVersion = 10.0.40219.1
Project("{FAE04EC0-301F-11D3-BF4B-00C04F79EFBC}") = "InventoryApplication", "InventoryApplication\InventoryApplication.csproj", "{03D80761-3C9A-444A-97D3-51C4F6153FEE}"
EndProject
Project("{FAE04EC0-301F-11D3-BF4B-00C04F79EFBC}") = "In.Data", "DAL\In.Data.csproj", "{5BA04C7C-C496-45B7-B689-B3D4183C58DB}"
EndProject
Project("{FAE04EC0-301F-11D3-BF4B-00C04F79EFBC}") = "In.Domain", "Domain\In.Domain.csproj", "{18CBB051-6B6A-46F3-A169-0A7FB9074A71}"
EndProject
Project("{FAE04EC0-301F-11D3-BF4B-00C04F79EFBC}") = "In.AppService", "Service\In.AppService.csproj", "{57E671FE-71E6-4D79-938B-42807EEF2A51}"
EndProject
Project("{2150E333-8FDC-42A3-9474-1A3956D46DE8}") = "1.Client", "1.Client", "{5EEC8ECB-3B71-42A7-A721-D24EBE1DB8CA}"
EndProject
Project("{2150E333-8FDC-42A3-9474-1A3956D46DE8}") = "3.Domain", "3.Domain", "{78FA0CCE-B679-4A12-AE34-3F6831BC957E}"
EndProject
Project("{2150E333-8FDC-42A3-9474-1A3956D46DE8}") = "2.Service", "2.Service", "{AAA66C95-A01E-4D5E-AF36-B409ADFAA6C8}"
EndProject
Project("{2150E333-8FDC-42A3-9474-1A3956D46DE8}") = "4.Data", "4.Data", "{35901232-5CA9-4AF6-9138-932212DD2C6A}"
EndProject
Project("{FAE04EC0-301F-11D3-BF4B-00C04F79EFBC}") = "In.IAppService", "In.InterfaceAppService\In.IAppService.csproj", "{FCAC8B72-8012-469F-90BA-2B3CEA67049E}"
EndProject
Project("{2150E333-8FDC-42A3-9474-1A3956D46DE8}") = "2.1.Interface", "2.1.Interface", "{73723915-E135-4D47-99AD-7DE0D0EA7B0B}"
EndProject
Project("{2150E333-8FDC-42A3-9474-1A3956D46DE8}") = "2.2.Class", "2.2.Class", "{60BE0AB8-8D96-4CEC-9F92-36A3C614780E}"
EndProject
Project("{2150E333-8FDC-42A3-9474-1A3956D46DE8}") = "4.1.Interface", "4.1.Interface", "{68711514-89CD-4D36-9225-D443496A9019}"
EndProject
Project("{2150E333-8FDC-42A3-9474-1A3956D46DE8}") = "4.2.Class", "4.2.Class", "{D45CD3B5-C183-4D1D-B4EA-805BA2B647DA}"
EndProject
Project("{FAE04EC0-301F-11D3-BF4B-00C04F79EFBC}") = "In.IData", "In.IData\In.IData.csproj", "{50958C5A-FF23-4BE6-A11A-3858944298BC}"
EndProject
Project("{FAE04EC0-301F-11D3-BF4B-00C04F79EFBC}") = "Core.IData", "Core.IData\Core.IData.csproj", "{1BB27FDB-0C2C-438B-B0D2-318B8A3AE1E6}"
EndProject
Project("{FAE04EC0-301F-11D3-BF4B-00C04F79EFBC}") = "Core.Data", "Core.Data\Core.Data.csproj", "{34AEFB7F-93BE-42E0-B129-53C9F6782505}"
EndProject
Global
	GlobalSection(SolutionConfigurationPlatforms) = preSolution
		Debug|Any CPU = Debug|Any CPU
		Release|Any CPU = Release|Any CPU
	EndGlobalSection
	GlobalSection(ProjectConfigurationPlatforms) = postSolution
		{03D80761-3C9A-444A-97D3-51C4F6153FEE}.Debug|Any CPU.ActiveCfg = Debug|Any CPU
		{03D80761-3C9A-444A-97D3-51C4F6153FEE}.Debug|Any CPU.Build.0 = Debug|Any CPU
		{03D80761-3C9A-444A-97D3-51C4F6153FEE}.Release|Any CPU.ActiveCfg = Release|Any CPU
		{03D80761-3C9A-444A-97D3-51C4F6153FEE}.Release|Any CPU.Build.0 = Release|Any CPU
		{5BA04C7C-C496-45B7-B689-B3D4183C58DB}.Debug|Any CPU.ActiveCfg = Debug|Any CPU
		{5BA04C7C-C496-45B7-B689-B3D4183C58DB}.Debug|Any CPU.Build.0 = Debug|Any CPU
		{5BA04C7C-C496-45B7-B689-B3D4183C58DB}.Release|Any CPU.ActiveCfg = Release|Any CPU
		{5BA04C7C-C496-45B7-B689-B3D4183C58DB}.Release|Any CPU.Build.0 = Release|Any CPU
		{18CBB051-6B6A-46F3-A169-0A7FB9074A71}.Debug|Any CPU.ActiveCfg = Debug|Any CPU
		{18CBB051-6B6A-46F3-A169-0A7FB9074A71}.Debug|Any CPU.Build.0 = Debug|Any CPU
		{18CBB051-6B6A-46F3-A169-0A7FB9074A71}.Release|Any CPU.ActiveCfg = Release|Any CPU
		{18CBB051-6B6A-46F3-A169-0A7FB9074A71}.Release|Any CPU.Build.0 = Release|Any CPU
		{57E671FE-71E6-4D79-938B-42807EEF2A51}.Debug|Any CPU.ActiveCfg = Debug|Any CPU
		{57E671FE-71E6-4D79-938B-42807EEF2A51}.Debug|Any CPU.Build.0 = Debug|Any CPU
		{57E671FE-71E6-4D79-938B-42807EEF2A51}.Release|Any CPU.ActiveCfg = Release|Any CPU
		{57E671FE-71E6-4D79-938B-42807EEF2A51}.Release|Any CPU.Build.0 = Release|Any CPU
		{FCAC8B72-8012-469F-90BA-2B3CEA67049E}.Debug|Any CPU.ActiveCfg = Debug|Any CPU
		{FCAC8B72-8012-469F-90BA-2B3CEA67049E}.Debug|Any CPU.Build.0 = Debug|Any CPU
		{FCAC8B72-8012-469F-90BA-2B3CEA67049E}.Release|Any CPU.ActiveCfg = Release|Any CPU
		{FCAC8B72-8012-469F-90BA-2B3CEA67049E}.Release|Any CPU.Build.0 = Release|Any CPU
		{50958C5A-FF23-4BE6-A11A-3858944298BC}.Debug|Any CPU.ActiveCfg = Debug|Any CPU
		{50958C5A-FF23-4BE6-A11A-3858944298BC}.Debug|Any CPU.Build.0 = Debug|Any CPU
		{50958C5A-FF23-4BE6-A11A-3858944298BC}.Release|Any CPU.ActiveCfg = Release|Any CPU
		{50958C5A-FF23-4BE6-A11A-3858944298BC}.Release|Any CPU.Build.0 = Release|Any CPU
		{1BB27FDB-0C2C-438B-B0D2-318B8A3AE1E6}.Debug|Any CPU.ActiveCfg = Debug|Any CPU
		{1BB27FDB-0C2C-438B-B0D2-318B8A3AE1E6}.Debug|Any CPU.Build.0 = Debug|Any CPU
		{1BB27FDB-0C2C-438B-B0D2-318B8A3AE1E6}.Release|Any CPU.ActiveCfg = Release|Any CPU
		{1BB27FDB-0C2C-438B-B0D2-318B8A3AE1E6}.Release|Any CPU.Build.0 = Release|Any CPU
		{34AEFB7F-93BE-42E0-B129-53C9F6782505}.Debug|Any CPU.ActiveCfg = Debug|Any CPU
		{34AEFB7F-93BE-42E0-B129-53C9F6782505}.Debug|Any CPU.Build.0 = Debug|Any CPU
		{34AEFB7F-93BE-42E0-B129-53C9F6782505}.Release|Any CPU.ActiveCfg = Release|Any CPU
		{34AEFB7F-93BE-42E0-B129-53C9F6782505}.Release|Any CPU.Build.0 = Release|Any CPU
	EndGlobalSection
	GlobalSection(SolutionProperties) = preSolution
		HideSolutionNode = FALSE
	EndGlobalSection
	GlobalSection(NestedProjects) = preSolution
		{03D80761-3C9A-444A-97D3-51C4F6153FEE} = {5EEC8ECB-3B71-42A7-A721-D24EBE1DB8CA}
		{5BA04C7C-C496-45B7-B689-B3D4183C58DB} = {D45CD3B5-C183-4D1D-B4EA-805BA2B647DA}
		{18CBB051-6B6A-46F3-A169-0A7FB9074A71} = {78FA0CCE-B679-4A12-AE34-3F6831BC957E}
		{57E671FE-71E6-4D79-938B-42807EEF2A51} = {60BE0AB8-8D96-4CEC-9F92-36A3C614780E}
		{FCAC8B72-8012-469F-90BA-2B3CEA67049E} = {73723915-E135-4D47-99AD-7DE0D0EA7B0B}
		{73723915-E135-4D47-99AD-7DE0D0EA7B0B} = {AAA66C95-A01E-4D5E-AF36-B409ADFAA6C8}
		{60BE0AB8-8D96-4CEC-9F92-36A3C614780E} = {AAA66C95-A01E-4D5E-AF36-B409ADFAA6C8}
		{68711514-89CD-4D36-9225-D443496A9019} = {35901232-5CA9-4AF6-9138-932212DD2C6A}
		{D45CD3B5-C183-4D1D-B4EA-805BA2B647DA} = {35901232-5CA9-4AF6-9138-932212DD2C6A}
		{50958C5A-FF23-4BE6-A11A-3858944298BC} = {68711514-89CD-4D36-9225-D443496A9019}
		{1BB27FDB-0C2C-438B-B0D2-318B8A3AE1E6} = {68711514-89CD-4D36-9225-D443496A9019}
		{34AEFB7F-93BE-42E0-B129-53C9F6782505} = {D45CD3B5-C183-4D1D-B4EA-805BA2B647DA}
	EndGlobalSection
EndGlobal
